
Microsoft Visual Studio Solution File, Format Version 12.00
# Visual Studio Version 17
VisualStudioVersion = 17.14.36518.9
MinimumVisualStudioVersion = 10.0.40219.1
Project("{2150E333-8FDC-42A3-9474-1A3956D46DE8}") = "PartyApp", "PartyApp", "{02EA681E-C7D8-13C7-8484-4AC65E1B71E8}"
EndProject
Project("{FAE04EC0-301F-11D3-BF4B-00C04F79EFBC}") = "Web", "Web\Web.csproj", "{059E09DB-8E46-421B-8D96-009F6B79408F}"
EndProject
Project("{FAE04EC0-301F-11D3-BF4B-00C04F79EFBC}") = "Domain", "Domain\Domain.csproj", "{0513F39D-E0F7-49B3-BB1F-F86BDA00D6BE}"
EndProject
Project("{FAE04EC0-301F-11D3-BF4B-00C04F79EFBC}") = "Repository", "Repository\Repository.csproj", "{3D3D8EFA-67C5-4863-90BE-F134DFF3A04C}"
EndProject
Global
	GlobalSection(SolutionConfigurationPlatforms) = preSolution
		Debug|Any CPU = Debug|Any CPU
		Release|Any CPU = Release|Any CPU
	EndGlobalSection
	GlobalSection(ProjectConfigurationPlatforms) = postSolution
		{059E09DB-8E46-421B-8D96-009F6B79408F}.Debug|Any CPU.ActiveCfg = Debug|Any CPU
		{059E09DB-8E46-421B-8D96-009F6B79408F}.Debug|Any CPU.Build.0 = Debug|Any CPU
		{059E09DB-8E46-421B-8D96-009F6B79408F}.Release|Any CPU.ActiveCfg = Release|Any CPU
		{059E09DB-8E46-421B-8D96-009F6B79408F}.Release|Any CPU.Build.0 = Release|Any CPU
		{0513F39D-E0F7-49B3-BB1F-F86BDA00D6BE}.Debug|Any CPU.ActiveCfg = Debug|Any CPU
		{0513F39D-E0F7-49B3-BB1F-F86BDA00D6BE}.Debug|Any CPU.Build.0 = Debug|Any CPU
		{0513F39D-E0F7-49B3-BB1F-F86BDA00D6BE}.Release|Any CPU.ActiveCfg = Release|Any CPU
		{0513F39D-E0F7-49B3-BB1F-F86BDA00D6BE}.Release|Any CPU.Build.0 = Release|Any CPU
		{3D3D8EFA-67C5-4863-90BE-F134DFF3A04C}.Debug|Any CPU.ActiveCfg = Debug|Any CPU
		{3D3D8EFA-67C5-4863-90BE-F134DFF3A04C}.Debug|Any CPU.Build.0 = Debug|Any CPU
		{3D3D8EFA-67C5-4863-90BE-F134DFF3A04C}.Release|Any CPU.ActiveCfg = Release|Any CPU
		{3D3D8EFA-67C5-4863-90BE-F134DFF3A04C}.Release|Any CPU.Build.0 = Release|Any CPU
	EndGlobalSection
	GlobalSection(SolutionProperties) = preSolution
		HideSolutionNode = FALSE
	EndGlobalSection
	GlobalSection(NestedProjects) = preSolution
		{059E09DB-8E46-421B-8D96-009F6B79408F} = {02EA681E-C7D8-13C7-8484-4AC65E1B71E8}
		{0513F39D-E0F7-49B3-BB1F-F86BDA00D6BE} = {02EA681E-C7D8-13C7-8484-4AC65E1B71E8}
		{3D3D8EFA-67C5-4863-90BE-F134DFF3A04C} = {02EA681E-C7D8-13C7-8484-4AC65E1B71E8}
	EndGlobalSection
	GlobalSection(ExtensibilityGlobals) = postSolution
		SolutionGuid = {44835CEF-5A67-474E-AA63-1B791C58887A}
	EndGlobalSection
EndGlobal
